{
  "requires": true,
  "lockfileVersion": 1,
  "dependencies": {
    "is-public-domain": {
      "version": "1.0.0",
      "resolved": "https://registry.npmjs.org/is-public-domain/-/is-public-domain-1.0.0.tgz",
      "integrity": "sha1-Wj7iN7nSUwex1t2qb67rHV+gEtM=",
      "requires": {
        "tlds": "^1.55.1"
      }
    },
    "tlds": {
      "version": "1.207.0",
      "resolved": "https://registry.npmjs.org/tlds/-/tlds-1.207.0.tgz",
      "integrity": "sha512-k7d7Q1LqjtAvhtEOs3yN14EabsNO8ZCoY6RESSJDB9lst3bTx3as/m1UuAeCKzYxiyhR1qq72ZPhpSf+qlqiwg=="
    }
  }
}
